{
  "nodes": {
    "nixpkgs": {
      "locked": {
        "lastModified": 1778124196,
        "narHash": "sha256-pYEytCNic/czazbV9r3tbQ6BZzqRBg/41x2dIC5ymOo=",
        "owner": "nixos",
        "repo": "nixpkgs",
        "rev": "68a8af93ff4297686cb68880845e61e5e2e41d92",
        "type": "github"
      },
      "original": {
        "owner": "nixos",
        "ref": "nixpkgs-unstable",
        "repo": "nixpkgs",
        "type": "github"
      }
    },
    "root": {
      "inputs": {
        "nixpkgs": "nixpkgs",
        "tuda-pdf": "tuda-pdf"
      }
    },
    "tuda-pdf": {
      "flake": false,
      "locked": {
        "narHash": "sha256-CCOWBx10m9fRBLbpEuqAAf7AGLo01p1LEU5fOWyqwdQ=",
        "type": "file",
        "url": "https://www.tu-darmstadt.de/media/medien_stabsstelle_km/services/medien_cd/das_bild_der_tu_darmstadt.pdf"
      },
      "original": {
        "type": "file",
        "url": "https://www.tu-darmstadt.de/media/medien_stabsstelle_km/services/medien_cd/das_bild_der_tu_darmstadt.pdf"
      }
    }
  },
  "root": "root",
  "version": 7
}
