{
  "nodes": {
    "nixpkgs": {
      "locked": {
        "lastModified": 1743259260,
        "narHash": "sha256-ArWLUgRm1tKHiqlhnymyVqi5kLNCK5ghvm06mfCl4QY=",
        "owner": "nixos",
        "repo": "nixpkgs",
        "rev": "eb0e0f21f15c559d2ac7633dc81d079d1caf5f5f",
        "type": "github"
      },
      "original": {
        "owner": "nixos",
        "ref": "nixpkgs-unstable",
        "repo": "nixpkgs",
        "type": "github"
      }
    },
    "root": {
      "inputs": {
        "nixpkgs": "nixpkgs",
        "tuda-pdf": "tuda-pdf"
      }
    },
    "tuda-pdf": {
      "flake": false,
      "locked": {
        "narHash": "sha256-ThoKm1Tg818VJ/Hx6gWGMWqwg9puoUxL7mvLJhMyDvU=",
        "type": "file",
        "url": "https://www.tu-darmstadt.de/media/medien_stabsstelle_km/services/medien_cd/das_bild_der_tu_darmstadt.pdf"
      },
      "original": {
        "type": "file",
        "url": "https://www.tu-darmstadt.de/media/medien_stabsstelle_km/services/medien_cd/das_bild_der_tu_darmstadt.pdf"
      }
    }
  },
  "root": "root",
  "version": 7
}
